
Microsoft Visual Studio Solution File, Format Version 12.00
# Visual Studio Version 17
VisualStudioVersion = 17.14.36603.0 d17.14
MinimumVisualStudioVersion = 10.0.40219.1
Project("{FAE04EC0-301F-11D3-BF4B-00C04F79EFBC}") = "oop05", "oop05\oop05.csproj", "{92F39731-2963-4D40-AD4B-76ED23F48931}"
EndProject
Global
	GlobalSection(SolutionConfigurationPlatforms) = preSolution
		Debug|Any CPU = Debug|Any CPU
		Release|Any CPU = Release|Any CPU
	EndGlobalSection
	GlobalSection(ProjectConfigurationPlatforms) = postSolution
		{92F39731-2963-4D40-AD4B-76ED23F48931}.Debug|Any CPU.ActiveCfg = Debug|Any CPU
		{92F39731-2963-4D40-AD4B-76ED23F48931}.Debug|Any CPU.Build.0 = Debug|Any CPU
		{92F39731-2963-4D40-AD4B-76ED23F48931}.Release|Any CPU.ActiveCfg = Release|Any CPU
		{92F39731-2963-4D40-AD4B-76ED23F48931}.Release|Any CPU.Build.0 = Release|Any CPU
	EndGlobalSection
	GlobalSection(SolutionProperties) = preSolution
		HideSolutionNode = FALSE
	EndGlobalSection
	GlobalSection(ExtensibilityGlobals) = postSolution
		SolutionGuid = {28D1A06A-626E-4858-9023-7B6BCD9BEF2F}
	EndGlobalSection
EndGlobal
